
Microsoft Visual Studio Solution File, Format Version 12.00
# Visual Studio 14
VisualStudioVersion = 14.0.25420.1
MinimumVisualStudioVersion = 10.0.40219.1
Project("{FAE04EC0-301F-11D3-BF4B-00C04F79EFBC}") = "HelloXamarinForms", "HelloXamarinForms\HelloXamarinForms\HelloXamarinForms.csproj", "{AB281EAC-39D9-4AE6-9084-4EFD208AED55}"
EndProject
Project("{FAE04EC0-301F-11D3-BF4B-00C04F79EFBC}") = "HelloXamarinForms.Droid", "HelloXamarinForms\HelloXamarinForms.Droid\HelloXamarinForms.Droid.csproj", "{F28A43CC-0672-452C-A124-2523B831BCC8}"
EndProject
Project("{FAE04EC0-301F-11D3-BF4B-00C04F79EFBC}") = "HelloXamarinForms.iOS", "HelloXamarinForms\HelloXamarinForms.iOS\HelloXamarinForms.iOS.csproj", "{CB3314FE-3EC3-4C95-858D-8AAA2DD756D7}"
EndProject
Project("{FAE04EC0-301F-11D3-BF4B-00C04F79EFBC}") = "HelloXamarinForms.WinPhone", "HelloXamarinForms\HelloXamarinForms.WinPhone\HelloXamarinForms.WinPhone.csproj", "{42E01D59-293F-4B06-B58F-D992405807C0}"
EndProject
Project("{FAE04EC0-301F-11D3-BF4B-00C04F79EFBC}") = "HelloXamarinForms.UWP", "HelloXamarinForms\HelloXamarinForms.UWP\HelloXamarinForms.UWP.csproj", "{C8AB8B0D-FAE5-4FED-A779-F4989AE0DC4F}"
EndProject
Project("{FAE04EC0-301F-11D3-BF4B-00C04F79EFBC}") = "HelloXamarinForms.Windows", "HelloXamarinForms\HelloXamarinForms.Windows\HelloXamarinForms.Windows.csproj", "{1015F651-8CFA-4A04-BBBC-7860907E653D}"
EndProject
Global
	GlobalSection(SolutionConfigurationPlatforms) = preSolution
		Ad-Hoc|Any CPU = Ad-Hoc|Any CPU
		Ad-Hoc|ARM = Ad-Hoc|ARM
		Ad-Hoc|iPhone = Ad-Hoc|iPhone
		Ad-Hoc|iPhoneSimulator = Ad-Hoc|iPhoneSimulator
		Ad-Hoc|x64 = Ad-Hoc|x64
		Ad-Hoc|x86 = Ad-Hoc|x86
		AppStore|Any CPU = AppStore|Any CPU
		AppStore|ARM = AppStore|ARM
		AppStore|iPhone = AppStore|iPhone
		AppStore|iPhoneSimulator = AppStore|iPhoneSimulator
		AppStore|x64 = AppStore|x64
		AppStore|x86 = AppStore|x86
		Debug|Any CPU = Debug|Any CPU
		Debug|ARM = Debug|ARM
		Debug|iPhone = Debug|iPhone
		Debug|iPhoneSimulator = Debug|iPhoneSimulator
		Debug|x64 = Debug|x64
		Debug|x86 = Debug|x86
		Release|Any CPU = Release|Any CPU
		Release|ARM = Release|ARM
		Release|iPhone = Release|iPhone
		Release|iPhoneSimulator = Release|iPhoneSimulator
		Release|x64 = Release|x64
		Release|x86 = Release|x86
	EndGlobalSection
	GlobalSection(ProjectConfigurationPlatforms) = postSolution
		{AB281EAC-39D9-4AE6-9084-4EFD208AED55}.Ad-Hoc|Any CPU.ActiveCfg = Release|Any CPU
		{AB281EAC-39D9-4AE6-9084-4EFD208AED55}.Ad-Hoc|Any CPU.Build.0 = Release|Any CPU
		{AB281EAC-39D9-4AE6-9084-4EFD208AED55}.Ad-Hoc|ARM.ActiveCfg = Release|Any CPU
		{AB281EAC-39D9-4AE6-9084-4EFD208AED55}.Ad-Hoc|ARM.Build.0 = Release|Any CPU
		{AB281EAC-39D9-4AE6-9084-4EFD208AED55}.Ad-Hoc|iPhone.ActiveCfg = Release|Any CPU
		{AB281EAC-39D9-4AE6-9084-4EFD208AED55}.Ad-Hoc|iPhone.Build.0 = Release|Any CPU
		{AB281EAC-39D9-4AE6-9084-4EFD208AED55}.Ad-Hoc|iPhoneSimulator.ActiveCfg = Release|Any CPU
		{AB281EAC-39D9-4AE6-9084-4EFD208AED55}.Ad-Hoc|iPhoneSimulator.Build.0 = Release|Any CPU
		{AB281EAC-39D9-4AE6-9084-4EFD208AED55}.Ad-Hoc|x64.ActiveCfg = Release|Any CPU
		{AB281EAC-39D9-4AE6-9084-4EFD208AED55}.Ad-Hoc|x64.Build.0 = Release|Any CPU
		{AB281EAC-39D9-4AE6-9084-4EFD208AED55}.Ad-Hoc|x86.ActiveCfg = Release|Any CPU
		{AB281EAC-39D9-4AE6-9084-4EFD208AED55}.Ad-Hoc|x86.Build.0 = Release|Any CPU
		{AB281EAC-39D9-4AE6-9084-4EFD208AED55}.AppStore|Any CPU.ActiveCfg = Release|Any CPU
		{AB281EAC-39D9-4AE6-9084-4EFD208AED55}.AppStore|Any CPU.Build.0 = Release|Any CPU
		{AB281EAC-39D9-4AE6-9084-4EFD208AED55}.AppStore|ARM.ActiveCfg = Release|Any CPU
		{AB281EAC-39D9-4AE6-9084-4EFD208AED55}.AppStore|ARM.Build.0 = Release|Any CPU
		{AB281EAC-39D9-4AE6-9084-4EFD208AED55}.AppStore|iPhone.ActiveCfg = Release|Any CPU
		{AB281EAC-39D9-4AE6-9084-4EFD208AED55}.AppStore|iPhone.Build.0 = Release|Any CPU
		{AB281EAC-39D9-4AE6-9084-4EFD208AED55}.AppStore|iPhoneSimulator.ActiveCfg = Release|Any CPU
		{AB281EAC-39D9-4AE6-9084-4EFD208AED55}.AppStore|iPhoneSimulator.Build.0 = Release|Any CPU
		{AB281EAC-39D9-4AE6-9084-4EFD208AED55}.AppStore|x64.ActiveCfg = Release|Any CPU
		{AB281EAC-39D9-4AE6-9084-4EFD208AED55}.AppStore|x64.Build.0 = Release|Any CPU
		{AB281EAC-39D9-4AE6-9084-4EFD208AED55}.AppStore|x86.ActiveCfg = Release|Any CPU
		{AB281EAC-39D9-4AE6-9084-4EFD208AED55}.AppStore|x86.Build.0 = Release|Any CPU
		{AB281EAC-39D9-4AE6-9084-4EFD208AED55}.Debug|Any CPU.ActiveCfg = Debug|Any CPU
		{AB281EAC-39D9-4AE6-9084-4EFD208AED55}.Debug|Any CPU.Build.0 = Debug|Any CPU
		{AB281EAC-39D9-4AE6-9084-4EFD208AED55}.Debug|ARM.ActiveCfg = Debug|Any CPU
		{AB281EAC-39D9-4AE6-9084-4EFD208AED55}.Debug|ARM.Build.0 = Debug|Any CPU
		{AB281EAC-39D9-4AE6-9084-4EFD208AED55}.Debug|iPhone.ActiveCfg = Debug|Any CPU
		{AB281EAC-39D9-4AE6-9084-4EFD208AED55}.Debug|iPhone.Build.0 = Debug|Any CPU
		{AB281EAC-39D9-4AE6-9084-4EFD208AED55}.Debug|iPhoneSimulator.ActiveCfg = Debug|Any CPU
		{AB281EAC-39D9-4AE6-9084-4EFD208AED55}.Debug|iPhoneSimulator.Build.0 = Debug|Any CPU
		{AB281EAC-39D9-4AE6-9084-4EFD208AED55}.Debug|x64.ActiveCfg = Debug|Any CPU
		{AB281EAC-39D9-4AE6-9084-4EFD208AED55}.Debug|x64.Build.0 = Debug|Any CPU
		{AB281EAC-39D9-4AE6-9084-4EFD208AED55}.Debug|x86.ActiveCfg = Debug|Any CPU
		{AB281EAC-39D9-4AE6-9084-4EFD208AED55}.Debug|x86.Build.0 = Debug|Any CPU
		{AB281EAC-39D9-4AE6-9084-4EFD208AED55}.Release|Any CPU.ActiveCfg = Release|Any CPU
		{AB281EAC-39D9-4AE6-9084-4EFD208AED55}.Release|Any CPU.Build.0 = Release|Any CPU
		{AB281EAC-39D9-4AE6-9084-4EFD208AED55}.Release|ARM.ActiveCfg = Release|Any CPU
		{AB281EAC-39D9-4AE6-9084-4EFD208AED55}.Release|ARM.Build.0 = Release|Any CPU
		{AB281EAC-39D9-4AE6-9084-4EFD208AED55}.Release|iPhone.ActiveCfg = Release|Any CPU
		{AB281EAC-39D9-4AE6-9084-4EFD208AED55}.Release|iPhone.Build.0 = Release|Any CPU
		{AB281EAC-39D9-4AE6-9084-4EFD208AED55}.Release|iPhoneSimulator.ActiveCfg = Release|Any CPU
		{AB281EAC-39D9-4AE6-9084-4EFD208AED55}.Release|iPhoneSimulator.Build.0 = Release|Any CPU
		{AB281EAC-39D9-4AE6-9084-4EFD208AED55}.Release|x64.ActiveCfg = Release|Any CPU
		{AB281EAC-39D9-4AE6-9084-4EFD208AED55}.Release|x64.Build.0 = Release|Any CPU
		{AB281EAC-39D9-4AE6-9084-4EFD208AED55}.Release|x86.ActiveCfg = Release|Any CPU
		{AB281EAC-39D9-4AE6-9084-4EFD208AED55}.Release|x86.Build.0 = Release|Any CPU
		{F28A43CC-0672-452C-A124-2523B831BCC8}.Ad-Hoc|Any CPU.ActiveCfg = Release|Any CPU
		{F28A43CC-0672-452C-A124-2523B831BCC8}.Ad-Hoc|Any CPU.Build.0 = Release|Any CPU
		{F28A43CC-0672-452C-A124-2523B831BCC8}.Ad-Hoc|Any CPU.Deploy.0 = Release|Any CPU
		{F28A43CC-0672-452C-A124-2523B831BCC8}.Ad-Hoc|ARM.ActiveCfg = Release|Any CPU
		{F28A43CC-0672-452C-A124-2523B831BCC8}.Ad-Hoc|ARM.Build.0 = Release|Any CPU
		{F28A43CC-0672-452C-A124-2523B831BCC8}.Ad-Hoc|ARM.Deploy.0 = Release|Any CPU
		{F28A43CC-0672-452C-A124-2523B831BCC8}.Ad-Hoc|iPhone.ActiveCfg = Release|Any CPU
		{F28A43CC-0672-452C-A124-2523B831BCC8}.Ad-Hoc|iPhone.Build.0 = Release|Any CPU
		{F28A43CC-0672-452C-A124-2523B831BCC8}.Ad-Hoc|iPhone.Deploy.0 = Release|Any CPU
		{F28A43CC-0672-452C-A124-2523B831BCC8}.Ad-Hoc|iPhoneSimulator.ActiveCfg = Release|Any CPU
		{F28A43CC-0672-452C-A124-2523B831BCC8}.Ad-Hoc|iPhoneSimulator.Build.0 = Release|Any CPU
		{F28A43CC-0672-452C-A124-2523B831BCC8}.Ad-Hoc|iPhoneSimulator.Deploy.0 = Release|Any CPU
		{F28A43CC-0672-452C-A124-2523B831BCC8}.Ad-Hoc|x64.ActiveCfg = Release|Any CPU
		{F28A43CC-0672-452C-A124-2523B831BCC8}.Ad-Hoc|x64.Build.0 = Release|Any CPU
		{F28A43CC-0672-452C-A124-2523B831BCC8}.Ad-Hoc|x64.Deploy.0 = Release|Any CPU
		{F28A43CC-0672-452C-A124-2523B831BCC8}.Ad-Hoc|x86.ActiveCfg = Release|Any CPU
		{F28A43CC-0672-452C-A124-2523B831BCC8}.Ad-Hoc|x86.Build.0 = Release|Any CPU
		{F28A43CC-0672-452C-A124-2523B831BCC8}.Ad-Hoc|x86.Deploy.0 = Release|Any CPU
		{F28A43CC-0672-452C-A124-2523B831BCC8}.AppStore|Any CPU.ActiveCfg = Release|Any CPU
		{F28A43CC-0672-452C-A124-2523B831BCC8}.AppStore|Any CPU.Build.0 = Release|Any CPU
		{F28A43CC-0672-452C-A124-2523B831BCC8}.AppStore|Any CPU.Deploy.0 = Release|Any CPU
		{F28A43CC-0672-452C-A124-2523B831BCC8}.AppStore|ARM.ActiveCfg = Release|Any CPU
		{F28A43CC-0672-452C-A124-2523B831BCC8}.AppStore|ARM.Build.0 = Release|Any CPU
		{F28A43CC-0672-452C-A124-2523B831BCC8}.AppStore|ARM.Deploy.0 = Release|Any CPU
		{F28A43CC-0672-452C-A124-2523B831BCC8}.AppStore|iPhone.ActiveCfg = Release|Any CPU
		{F28A43CC-0672-452C-A124-2523B831BCC8}.AppStore|iPhone.Build.0 = Release|Any CPU
		{F28A43CC-0672-452C-A124-2523B831BCC8}.AppStore|iPhone.Deploy.0 = Release|Any CPU
		{F28A43CC-0672-452C-A124-2523B831BCC8}.AppStore|iPhoneSimulator.ActiveCfg = Release|Any CPU
		{F28A43CC-0672-452C-A124-2523B831BCC8}.AppStore|iPhoneSimulator.Build.0 = Release|Any CPU
		{F28A43CC-0672-452C-A124-2523B831BCC8}.AppStore|iPhoneSimulator.Deploy.0 = Release|Any CPU
		{F28A43CC-0672-452C-A124-2523B831BCC8}.AppStore|x64.ActiveCfg = Release|Any CPU
		{F28A43CC-0672-452C-A124-2523B831BCC8}.AppStore|x64.Build.0 = Release|Any CPU
		{F28A43CC-0672-452C-A124-2523B831BCC8}.AppStore|x64.Deploy.0 = Release|Any CPU
		{F28A43CC-0672-452C-A124-2523B831BCC8}.AppStore|x86.ActiveCfg = Release|Any CPU
		{F28A43CC-0672-452C-A124-2523B831BCC8}.AppStore|x86.Build.0 = Release|Any CPU
		{F28A43CC-0672-452C-A124-2523B831BCC8}.AppStore|x86.Deploy.0 = Release|Any CPU
		{F28A43CC-0672-452C-A124-2523B831BCC8}.Debug|Any CPU.ActiveCfg = Debug|Any CPU
		{F28A43CC-0672-452C-A124-2523B831BCC8}.Debug|Any CPU.Build.0 = Debug|Any CPU
		{F28A43CC-0672-452C-A124-2523B831BCC8}.Debug|Any CPU.Deploy.0 = Debug|Any CPU
		{F28A43CC-0672-452C-A124-2523B831BCC8}.Debug|ARM.ActiveCfg = Debug|Any CPU
		{F28A43CC-0672-452C-A124-2523B831BCC8}.Debug|ARM.Build.0 = Debug|Any CPU
		{F28A43CC-0672-452C-A124-2523B831BCC8}.Debug|ARM.Deploy.0 = Debug|Any CPU
		{F28A43CC-0672-452C-A124-2523B831BCC8}.Debug|iPhone.ActiveCfg = Debug|Any CPU
		{F28A43CC-0672-452C-A124-2523B831BCC8}.Debug|iPhone.Build.0 = Debug|Any CPU
		{F28A43CC-0672-452C-A124-2523B831BCC8}.Debug|iPhone.Deploy.0 = Debug|Any CPU
		{F28A43CC-0672-452C-A124-2523B831BCC8}.Debug|iPhoneSimulator.ActiveCfg = Debug|Any CPU
		{F28A43CC-0672-452C-A124-2523B831BCC8}.Debug|iPhoneSimulator.Build.0 = Debug|Any CPU
		{F28A43CC-0672-452C-A124-2523B831BCC8}.Debug|iPhoneSimulator.Deploy.0 = Debug|Any CPU
		{F28A43CC-0672-452C-A124-2523B831BCC8}.Debug|x64.ActiveCfg = Debug|Any CPU
		{F28A43CC-0672-452C-A124-2523B831BCC8}.Debug|x64.Build.0 = Debug|Any CPU
		{F28A43CC-0672-452C-A124-2523B831BCC8}.Debug|x64.Deploy.0 = Debug|Any CPU
		{F28A43CC-0672-452C-A124-2523B831BCC8}.Debug|x86.ActiveCfg = Debug|Any CPU
		{F28A43CC-0672-452C-A124-2523B831BCC8}.Debug|x86.Build.0 = Debug|Any CPU
		{F28A43CC-0672-452C-A124-2523B831BCC8}.Debug|x86.Deploy.0 = Debug|Any CPU
		{F28A43CC-0672-452C-A124-2523B831BCC8}.Release|Any CPU.ActiveCfg = Release|Any CPU
		{F28A43CC-0672-452C-A124-2523B831BCC8}.Release|Any CPU.Build.0 = Release|Any CPU
		{F28A43CC-0672-452C-A124-2523B831BCC8}.Release|Any CPU.Deploy.0 = Release|Any CPU
		{F28A43CC-0672-452C-A124-2523B831BCC8}.Release|ARM.ActiveCfg = Release|Any CPU
		{F28A43CC-0672-452C-A124-2523B831BCC8}.Release|ARM.Build.0 = Release|Any CPU
		{F28A43CC-0672-452C-A124-2523B831BCC8}.Release|ARM.Deploy.0 = Release|Any CPU
		{F28A43CC-0672-452C-A124-2523B831BCC8}.Release|iPhone.ActiveCfg = Release|Any CPU
		{F28A43CC-0672-452C-A124-2523B831BCC8}.Release|iPhone.Build.0 = Release|Any CPU
		{F28A43CC-0672-452C-A124-2523B831BCC8}.Release|iPhone.Deploy.0 = Release|Any CPU
		{F28A43CC-0672-452C-A124-2523B831BCC8}.Release|iPhoneSimulator.ActiveCfg = Release|Any CPU
		{F28A43CC-0672-452C-A124-2523B831BCC8}.Release|iPhoneSimulator.Build.0 = Release|Any CPU
		{F28A43CC-0672-452C-A124-2523B831BCC8}.Release|iPhoneSimulator.Deploy.0 = Release|Any CPU
		{F28A43CC-0672-452C-A124-2523B831BCC8}.Release|x64.ActiveCfg = Release|Any CPU
		{F28A43CC-0672-452C-A124-2523B831BCC8}.Release|x64.Build.0 = Release|Any CPU
		{F28A43CC-0672-452C-A124-2523B831BCC8}.Release|x64.Deploy.0 = Release|Any CPU
		{F28A43CC-0672-452C-A124-2523B831BCC8}.Release|x86.ActiveCfg = Release|Any CPU
		{F28A43CC-0672-452C-A124-2523B831BCC8}.Release|x86.Build.0 = Release|Any CPU
		{F28A43CC-0672-452C-A124-2523B831BCC8}.Release|x86.Deploy.0 = Release|Any CPU
		{CB3314FE-3EC3-4C95-858D-8AAA2DD756D7}.Ad-Hoc|Any CPU.ActiveCfg = Ad-Hoc|iPhone
		{CB3314FE-3EC3-4C95-858D-8AAA2DD756D7}.Ad-Hoc|ARM.ActiveCfg = Ad-Hoc|iPhone
		{CB3314FE-3EC3-4C95-858D-8AAA2DD756D7}.Ad-Hoc|iPhone.ActiveCfg = Ad-Hoc|iPhone
		{CB3314FE-3EC3-4C95-858D-8AAA2DD756D7}.Ad-Hoc|iPhone.Build.0 = Ad-Hoc|iPhone
		{CB3314FE-3EC3-4C95-858D-8AAA2DD756D7}.Ad-Hoc|iPhoneSimulator.ActiveCfg = Ad-Hoc|iPhoneSimulator
		{CB3314FE-3EC3-4C95-858D-8AAA2DD756D7}.Ad-Hoc|iPhoneSimulator.Build.0 = Ad-Hoc|iPhoneSimulator
		{CB3314FE-3EC3-4C95-858D-8AAA2DD756D7}.Ad-Hoc|x64.ActiveCfg = Ad-Hoc|iPhone
		{CB3314FE-3EC3-4C95-858D-8AAA2DD756D7}.Ad-Hoc|x86.ActiveCfg = Ad-Hoc|iPhone
		{CB3314FE-3EC3-4C95-858D-8AAA2DD756D7}.AppStore|Any CPU.ActiveCfg = AppStore|iPhone
		{CB3314FE-3EC3-4C95-858D-8AAA2DD756D7}.AppStore|ARM.ActiveCfg = AppStore|iPhone
		{CB3314FE-3EC3-4C95-858D-8AAA2DD756D7}.AppStore|iPhone.ActiveCfg = AppStore|iPhone
		{CB3314FE-3EC3-4C95-858D-8AAA2DD756D7}.AppStore|iPhone.Build.0 = AppStore|iPhone
		{CB3314FE-3EC3-4C95-858D-8AAA2DD756D7}.AppStore|iPhoneSimulator.ActiveCfg = AppStore|iPhoneSimulator
		{CB3314FE-3EC3-4C95-858D-8AAA2DD756D7}.AppStore|iPhoneSimulator.Build.0 = AppStore|iPhoneSimulator
		{CB3314FE-3EC3-4C95-858D-8AAA2DD756D7}.AppStore|x64.ActiveCfg = AppStore|iPhone
		{CB3314FE-3EC3-4C95-858D-8AAA2DD756D7}.AppStore|x86.ActiveCfg = AppStore|iPhone
		{CB3314FE-3EC3-4C95-858D-8AAA2DD756D7}.Debug|Any CPU.ActiveCfg = Debug|iPhone
		{CB3314FE-3EC3-4C95-858D-8AAA2DD756D7}.Debug|ARM.ActiveCfg = Debug|iPhone
		{CB3314FE-3EC3-4C95-858D-8AAA2DD756D7}.Debug|iPhone.ActiveCfg = Debug|iPhone
		{CB3314FE-3EC3-4C95-858D-8AAA2DD756D7}.Debug|iPhone.Build.0 = Debug|iPhone
		{CB3314FE-3EC3-4C95-858D-8AAA2DD756D7}.Debug|iPhoneSimulator.ActiveCfg = Debug|iPhoneSimulator
		{CB3314FE-3EC3-4C95-858D-8AAA2DD756D7}.Debug|iPhoneSimulator.Build.0 = Debug|iPhoneSimulator
		{CB3314FE-3EC3-4C95-858D-8AAA2DD756D7}.Debug|x64.ActiveCfg = Debug|iPhone
		{CB3314FE-3EC3-4C95-858D-8AAA2DD756D7}.Debug|x86.ActiveCfg = Debug|iPhone
		{CB3314FE-3EC3-4C95-858D-8AAA2DD756D7}.Release|Any CPU.ActiveCfg = Release|iPhone
		{CB3314FE-3EC3-4C95-858D-8AAA2DD756D7}.Release|ARM.ActiveCfg = Release|iPhone
		{CB3314FE-3EC3-4C95-858D-8AAA2DD756D7}.Release|iPhone.ActiveCfg = Release|iPhone
		{CB3314FE-3EC3-4C95-858D-8AAA2DD756D7}.Release|iPhone.Build.0 = Release|iPhone
		{CB3314FE-3EC3-4C95-858D-8AAA2DD756D7}.Release|iPhoneSimulator.ActiveCfg = Release|iPhoneSimulator
		{CB3314FE-3EC3-4C95-858D-8AAA2DD756D7}.Release|iPhoneSimulator.Build.0 = Release|iPhoneSimulator
		{CB3314FE-3EC3-4C95-858D-8AAA2DD756D7}.Release|x64.ActiveCfg = Release|iPhone
		{CB3314FE-3EC3-4C95-858D-8AAA2DD756D7}.Release|x86.ActiveCfg = Release|iPhone
		{42E01D59-293F-4B06-B58F-D992405807C0}.Ad-Hoc|Any CPU.ActiveCfg = Release|Any CPU
		{42E01D59-293F-4B06-B58F-D992405807C0}.Ad-Hoc|Any CPU.Build.0 = Release|Any CPU
		{42E01D59-293F-4B06-B58F-D992405807C0}.Ad-Hoc|Any CPU.Deploy.0 = Release|Any CPU
		{42E01D59-293F-4B06-B58F-D992405807C0}.Ad-Hoc|ARM.ActiveCfg = Release|ARM
		{42E01D59-293F-4B06-B58F-D992405807C0}.Ad-Hoc|ARM.Build.0 = Release|ARM
		{42E01D59-293F-4B06-B58F-D992405807C0}.Ad-Hoc|ARM.Deploy.0 = Release|ARM
		{42E01D59-293F-4B06-B58F-D992405807C0}.Ad-Hoc|iPhone.ActiveCfg = Release|Any CPU
		{42E01D59-293F-4B06-B58F-D992405807C0}.Ad-Hoc|iPhone.Build.0 = Release|Any CPU
		{42E01D59-293F-4B06-B58F-D992405807C0}.Ad-Hoc|iPhone.Deploy.0 = Release|Any CPU
		{42E01D59-293F-4B06-B58F-D992405807C0}.Ad-Hoc|iPhoneSimulator.ActiveCfg = Release|Any CPU
		{42E01D59-293F-4B06-B58F-D992405807C0}.Ad-Hoc|iPhoneSimulator.Build.0 = Release|Any CPU
		{42E01D59-293F-4B06-B58F-D992405807C0}.Ad-Hoc|iPhoneSimulator.Deploy.0 = Release|Any CPU
		{42E01D59-293F-4B06-B58F-D992405807C0}.Ad-Hoc|x64.ActiveCfg = Release|Any CPU
		{42E01D59-293F-4B06-B58F-D992405807C0}.Ad-Hoc|x64.Build.0 = Release|Any CPU
		{42E01D59-293F-4B06-B58F-D992405807C0}.Ad-Hoc|x64.Deploy.0 = Release|Any CPU
		{42E01D59-293F-4B06-B58F-D992405807C0}.Ad-Hoc|x86.ActiveCfg = Release|x86
		{42E01D59-293F-4B06-B58F-D992405807C0}.Ad-Hoc|x86.Build.0 = Release|x86
		{42E01D59-293F-4B06-B58F-D992405807C0}.Ad-Hoc|x86.Deploy.0 = Release|x86
		{42E01D59-293F-4B06-B58F-D992405807C0}.AppStore|Any CPU.ActiveCfg = Release|Any CPU
		{42E01D59-293F-4B06-B58F-D992405807C0}.AppStore|Any CPU.Build.0 = Release|Any CPU
		{42E01D59-293F-4B06-B58F-D992405807C0}.AppStore|Any CPU.Deploy.0 = Release|Any CPU
		{42E01D59-293F-4B06-B58F-D992405807C0}.AppStore|ARM.ActiveCfg = Release|ARM
		{42E01D59-293F-4B06-B58F-D992405807C0}.AppStore|ARM.Build.0 = Release|ARM
		{42E01D59-293F-4B06-B58F-D992405807C0}.AppStore|ARM.Deploy.0 = Release|ARM
		{42E01D59-293F-4B06-B58F-D992405807C0}.AppStore|iPhone.ActiveCfg = Release|Any CPU
		{42E01D59-293F-4B06-B58F-D992405807C0}.AppStore|iPhone.Build.0 = Release|Any CPU
		{42E01D59-293F-4B06-B58F-D992405807C0}.AppStore|iPhone.Deploy.0 = Release|Any CPU
		{42E01D59-293F-4B06-B58F-D992405807C0}.AppStore|iPhoneSimulator.ActiveCfg = Release|Any CPU
		{42E01D59-293F-4B06-B58F-D992405807C0}.AppStore|iPhoneSimulator.Build.0 = Release|Any CPU
		{42E01D59-293F-4B06-B58F-D992405807C0}.AppStore|iPhoneSimulator.Deploy.0 = Release|Any CPU
		{42E01D59-293F-4B06-B58F-D992405807C0}.AppStore|x64.ActiveCfg = Release|Any CPU
		{42E01D59-293F-4B06-B58F-D992405807C0}.AppStore|x64.Build.0 = Release|Any CPU
		{42E01D59-293F-4B06-B58F-D992405807C0}.AppStore|x64.Deploy.0 = Release|Any CPU
		{42E01D59-293F-4B06-B58F-D992405807C0}.AppStore|x86.ActiveCfg = Release|x86
		{42E01D59-293F-4B06-B58F-D992405807C0}.AppStore|x86.Build.0 = Release|x86
		{42E01D59-293F-4B06-B58F-D992405807C0}.AppStore|x86.Deploy.0 = Release|x86
		{42E01D59-293F-4B06-B58F-D992405807C0}.Debug|Any CPU.ActiveCfg = Debug|Any CPU
		{42E01D59-293F-4B06-B58F-D992405807C0}.Debug|Any CPU.Build.0 = Debug|Any CPU
		{42E01D59-293F-4B06-B58F-D992405807C0}.Debug|Any CPU.Deploy.0 = Debug|Any CPU
		{42E01D59-293F-4B06-B58F-D992405807C0}.Debug|ARM.ActiveCfg = Debug|ARM
		{42E01D59-293F-4B06-B58F-D992405807C0}.Debug|ARM.Build.0 = Debug|ARM
		{42E01D59-293F-4B06-B58F-D992405807C0}.Debug|ARM.Deploy.0 = Debug|ARM
		{42E01D59-293F-4B06-B58F-D992405807C0}.Debug|iPhone.ActiveCfg = Debug|Any CPU
		{42E01D59-293F-4B06-B58F-D992405807C0}.Debug|iPhone.Build.0 = Debug|Any CPU
		{42E01D59-293F-4B06-B58F-D992405807C0}.Debug|iPhone.Deploy.0 = Debug|Any CPU
		{42E01D59-293F-4B06-B58F-D992405807C0}.Debug|iPhoneSimulator.ActiveCfg = Debug|Any CPU
		{42E01D59-293F-4B06-B58F-D992405807C0}.Debug|iPhoneSimulator.Build.0 = Debug|Any CPU
		{42E01D59-293F-4B06-B58F-D992405807C0}.Debug|iPhoneSimulator.Deploy.0 = Debug|Any CPU
		{42E01D59-293F-4B06-B58F-D992405807C0}.Debug|x64.ActiveCfg = Debug|Any CPU
		{42E01D59-293F-4B06-B58F-D992405807C0}.Debug|x64.Build.0 = Debug|Any CPU
		{42E01D59-293F-4B06-B58F-D992405807C0}.Debug|x64.Deploy.0 = Debug|Any CPU
		{42E01D59-293F-4B06-B58F-D992405807C0}.Debug|x86.ActiveCfg = Debug|x86
		{42E01D59-293F-4B06-B58F-D992405807C0}.Debug|x86.Build.0 = Debug|x86
		{42E01D59-293F-4B06-B58F-D992405807C0}.Debug|x86.Deploy.0 = Debug|x86
		{42E01D59-293F-4B06-B58F-D992405807C0}.Release|Any CPU.ActiveCfg = Release|Any CPU
		{42E01D59-293F-4B06-B58F-D992405807C0}.Release|Any CPU.Build.0 = Release|Any CPU
		{42E01D59-293F-4B06-B58F-D992405807C0}.Release|Any CPU.Deploy.0 = Release|Any CPU
		{42E01D59-293F-4B06-B58F-D992405807C0}.Release|ARM.ActiveCfg = Release|ARM
		{42E01D59-293F-4B06-B58F-D992405807C0}.Release|ARM.Build.0 = Release|ARM
		{42E01D59-293F-4B06-B58F-D992405807C0}.Release|ARM.Deploy.0 = Release|ARM
		{42E01D59-293F-4B06-B58F-D992405807C0}.Release|iPhone.ActiveCfg = Release|Any CPU
		{42E01D59-293F-4B06-B58F-D992405807C0}.Release|iPhone.Build.0 = Release|Any CPU
		{42E01D59-293F-4B06-B58F-D992405807C0}.Release|iPhone.Deploy.0 = Release|Any CPU
		{42E01D59-293F-4B06-B58F-D992405807C0}.Release|iPhoneSimulator.ActiveCfg = Release|Any CPU
		{42E01D59-293F-4B06-B58F-D992405807C0}.Release|iPhoneSimulator.Build.0 = Release|Any CPU
		{42E01D59-293F-4B06-B58F-D992405807C0}.Release|iPhoneSimulator.Deploy.0 = Release|Any CPU
		{42E01D59-293F-4B06-B58F-D992405807C0}.Release|x64.ActiveCfg = Release|Any CPU
		{42E01D59-293F-4B06-B58F-D992405807C0}.Release|x64.Build.0 = Release|Any CPU
		{42E01D59-293F-4B06-B58F-D992405807C0}.Release|x64.Deploy.0 = Release|Any CPU
		{42E01D59-293F-4B06-B58F-D992405807C0}.Release|x86.ActiveCfg = Release|x86
		{42E01D59-293F-4B06-B58F-D992405807C0}.Release|x86.Build.0 = Release|x86
		{42E01D59-293F-4B06-B58F-D992405807C0}.Release|x86.Deploy.0 = Release|x86
		{C8AB8B0D-FAE5-4FED-A779-F4989AE0DC4F}.Ad-Hoc|Any CPU.ActiveCfg = Release|x86
		{C8AB8B0D-FAE5-4FED-A779-F4989AE0DC4F}.Ad-Hoc|Any CPU.Build.0 = Release|x86
		{C8AB8B0D-FAE5-4FED-A779-F4989AE0DC4F}.Ad-Hoc|Any CPU.Deploy.0 = Release|x86
		{C8AB8B0D-FAE5-4FED-A779-F4989AE0DC4F}.Ad-Hoc|ARM.ActiveCfg = Release|ARM
		{C8AB8B0D-FAE5-4FED-A779-F4989AE0DC4F}.Ad-Hoc|ARM.Build.0 = Release|ARM
		{C8AB8B0D-FAE5-4FED-A779-F4989AE0DC4F}.Ad-Hoc|ARM.Deploy.0 = Release|ARM
		{C8AB8B0D-FAE5-4FED-A779-F4989AE0DC4F}.Ad-Hoc|iPhone.ActiveCfg = Release|x86
		{C8AB8B0D-FAE5-4FED-A779-F4989AE0DC4F}.Ad-Hoc|iPhone.Build.0 = Release|x86
		{C8AB8B0D-FAE5-4FED-A779-F4989AE0DC4F}.Ad-Hoc|iPhone.Deploy.0 = Release|x86
		{C8AB8B0D-FAE5-4FED-A779-F4989AE0DC4F}.Ad-Hoc|iPhoneSimulator.ActiveCfg = Release|x86
		{C8AB8B0D-FAE5-4FED-A779-F4989AE0DC4F}.Ad-Hoc|iPhoneSimulator.Build.0 = Release|x86
		{C8AB8B0D-FAE5-4FED-A779-F4989AE0DC4F}.Ad-Hoc|iPhoneSimulator.Deploy.0 = Release|x86
		{C8AB8B0D-FAE5-4FED-A779-F4989AE0DC4F}.Ad-Hoc|x64.ActiveCfg = Release|x64
		{C8AB8B0D-FAE5-4FED-A779-F4989AE0DC4F}.Ad-Hoc|x64.Build.0 = Release|x64
		{C8AB8B0D-FAE5-4FED-A779-F4989AE0DC4F}.Ad-Hoc|x64.Deploy.0 = Release|x64
		{C8AB8B0D-FAE5-4FED-A779-F4989AE0DC4F}.Ad-Hoc|x86.ActiveCfg = Release|x86
		{C8AB8B0D-FAE5-4FED-A779-F4989AE0DC4F}.Ad-Hoc|x86.Build.0 = Release|x86
		{C8AB8B0D-FAE5-4FED-A779-F4989AE0DC4F}.Ad-Hoc|x86.Deploy.0 = Release|x86
		{C8AB8B0D-FAE5-4FED-A779-F4989AE0DC4F}.AppStore|Any CPU.ActiveCfg = Release|x86
		{C8AB8B0D-FAE5-4FED-A779-F4989AE0DC4F}.AppStore|Any CPU.Build.0 = Release|x86
		{C8AB8B0D-FAE5-4FED-A779-F4989AE0DC4F}.AppStore|Any CPU.Deploy.0 = Release|x86
		{C8AB8B0D-FAE5-4FED-A779-F4989AE0DC4F}.AppStore|ARM.ActiveCfg = Release|ARM
		{C8AB8B0D-FAE5-4FED-A779-F4989AE0DC4F}.AppStore|ARM.Build.0 = Release|ARM
		{C8AB8B0D-FAE5-4FED-A779-F4989AE0DC4F}.AppStore|ARM.Deploy.0 = Release|ARM
		{C8AB8B0D-FAE5-4FED-A779-F4989AE0DC4F}.AppStore|iPhone.ActiveCfg = Release|x86
		{C8AB8B0D-FAE5-4FED-A779-F4989AE0DC4F}.AppStore|iPhone.Build.0 = Release|x86
		{C8AB8B0D-FAE5-4FED-A779-F4989AE0DC4F}.AppStore|iPhone.Deploy.0 = Release|x86
		{C8AB8B0D-FAE5-4FED-A779-F4989AE0DC4F}.AppStore|iPhoneSimulator.ActiveCfg = Release|x86
		{C8AB8B0D-FAE5-4FED-A779-F4989AE0DC4F}.AppStore|iPhoneSimulator.Build.0 = Release|x86
		{C8AB8B0D-FAE5-4FED-A779-F4989AE0DC4F}.AppStore|iPhoneSimulator.Deploy.0 = Release|x86
		{C8AB8B0D-FAE5-4FED-A779-F4989AE0DC4F}.AppStore|x64.ActiveCfg = Release|x64
		{C8AB8B0D-FAE5-4FED-A779-F4989AE0DC4F}.AppStore|x64.Build.0 = Release|x64
		{C8AB8B0D-FAE5-4FED-A779-F4989AE0DC4F}.AppStore|x64.Deploy.0 = Release|x64
		{C8AB8B0D-FAE5-4FED-A779-F4989AE0DC4F}.AppStore|x86.ActiveCfg = Release|x86
		{C8AB8B0D-FAE5-4FED-A779-F4989AE0DC4F}.AppStore|x86.Build.0 = Release|x86
		{C8AB8B0D-FAE5-4FED-A779-F4989AE0DC4F}.AppStore|x86.Deploy.0 = Release|x86
		{C8AB8B0D-FAE5-4FED-A779-F4989AE0DC4F}.Debug|Any CPU.ActiveCfg = Debug|x86
		{C8AB8B0D-FAE5-4FED-A779-F4989AE0DC4F}.Debug|ARM.ActiveCfg = Debug|ARM
		{C8AB8B0D-FAE5-4FED-A779-F4989AE0DC4F}.Debug|ARM.Build.0 = Debug|ARM
		{C8AB8B0D-FAE5-4FED-A779-F4989AE0DC4F}.Debug|ARM.Deploy.0 = Debug|ARM
		{C8AB8B0D-FAE5-4FED-A779-F4989AE0DC4F}.Debug|iPhone.ActiveCfg = Debug|x86
		{C8AB8B0D-FAE5-4FED-A779-F4989AE0DC4F}.Debug|iPhoneSimulator.ActiveCfg = Debug|x86
		{C8AB8B0D-FAE5-4FED-A779-F4989AE0DC4F}.Debug|x64.ActiveCfg = Debug|x64
		{C8AB8B0D-FAE5-4FED-A779-F4989AE0DC4F}.Debug|x64.Build.0 = Debug|x64
		{C8AB8B0D-FAE5-4FED-A779-F4989AE0DC4F}.Debug|x64.Deploy.0 = Debug|x64
		{C8AB8B0D-FAE5-4FED-A779-F4989AE0DC4F}.Debug|x86.ActiveCfg = Debug|x86
		{C8AB8B0D-FAE5-4FED-A779-F4989AE0DC4F}.Debug|x86.Build.0 = Debug|x86
		{C8AB8B0D-FAE5-4FED-A779-F4989AE0DC4F}.Debug|x86.Deploy.0 = Debug|x86
		{C8AB8B0D-FAE5-4FED-A779-F4989AE0DC4F}.Release|Any CPU.ActiveCfg = Release|x86
		{C8AB8B0D-FAE5-4FED-A779-F4989AE0DC4F}.Release|ARM.ActiveCfg = Release|ARM
		{C8AB8B0D-FAE5-4FED-A779-F4989AE0DC4F}.Release|ARM.Build.0 = Release|ARM
		{C8AB8B0D-FAE5-4FED-A779-F4989AE0DC4F}.Release|ARM.Deploy.0 = Release|ARM
		{C8AB8B0D-FAE5-4FED-A779-F4989AE0DC4F}.Release|iPhone.ActiveCfg = Release|x86
		{C8AB8B0D-FAE5-4FED-A779-F4989AE0DC4F}.Release|iPhoneSimulator.ActiveCfg = Release|x86
		{C8AB8B0D-FAE5-4FED-A779-F4989AE0DC4F}.Release|x64.ActiveCfg = Release|x64
		{C8AB8B0D-FAE5-4FED-A779-F4989AE0DC4F}.Release|x64.Build.0 = Release|x64
		{C8AB8B0D-FAE5-4FED-A779-F4989AE0DC4F}.Release|x64.Deploy.0 = Release|x64
		{C8AB8B0D-FAE5-4FED-A779-F4989AE0DC4F}.Release|x86.ActiveCfg = Release|x86
		{C8AB8B0D-FAE5-4FED-A779-F4989AE0DC4F}.Release|x86.Build.0 = Release|x86
		{C8AB8B0D-FAE5-4FED-A779-F4989AE0DC4F}.Release|x86.Deploy.0 = Release|x86
		{1015F651-8CFA-4A04-BBBC-7860907E653D}.Ad-Hoc|Any CPU.ActiveCfg = Release|Any CPU
		{1015F651-8CFA-4A04-BBBC-7860907E653D}.Ad-Hoc|Any CPU.Build.0 = Release|Any CPU
		{1015F651-8CFA-4A04-BBBC-7860907E653D}.Ad-Hoc|Any CPU.Deploy.0 = Release|Any CPU
		{1015F651-8CFA-4A04-BBBC-7860907E653D}.Ad-Hoc|ARM.ActiveCfg = Release|ARM
		{1015F651-8CFA-4A04-BBBC-7860907E653D}.Ad-Hoc|ARM.Build.0 = Release|ARM
		{1015F651-8CFA-4A04-BBBC-7860907E653D}.Ad-Hoc|ARM.Deploy.0 = Release|ARM
		{1015F651-8CFA-4A04-BBBC-7860907E653D}.Ad-Hoc|iPhone.ActiveCfg = Release|Any CPU
		{1015F651-8CFA-4A04-BBBC-7860907E653D}.Ad-Hoc|iPhone.Build.0 = Release|Any CPU
		{1015F651-8CFA-4A04-BBBC-7860907E653D}.Ad-Hoc|iPhone.Deploy.0 = Release|Any CPU
		{1015F651-8CFA-4A04-BBBC-7860907E653D}.Ad-Hoc|iPhoneSimulator.ActiveCfg = Release|Any CPU
		{1015F651-8CFA-4A04-BBBC-7860907E653D}.Ad-Hoc|iPhoneSimulator.Build.0 = Release|Any CPU
		{1015F651-8CFA-4A04-BBBC-7860907E653D}.Ad-Hoc|iPhoneSimulator.Deploy.0 = Release|Any CPU
		{1015F651-8CFA-4A04-BBBC-7860907E653D}.Ad-Hoc|x64.ActiveCfg = Release|x64
		{1015F651-8CFA-4A04-BBBC-7860907E653D}.Ad-Hoc|x64.Build.0 = Release|x64
		{1015F651-8CFA-4A04-BBBC-7860907E653D}.Ad-Hoc|x64.Deploy.0 = Release|x64
		{1015F651-8CFA-4A04-BBBC-7860907E653D}.Ad-Hoc|x86.ActiveCfg = Release|x86
		{1015F651-8CFA-4A04-BBBC-7860907E653D}.Ad-Hoc|x86.Build.0 = Release|x86
		{1015F651-8CFA-4A04-BBBC-7860907E653D}.Ad-Hoc|x86.Deploy.0 = Release|x86
		{1015F651-8CFA-4A04-BBBC-7860907E653D}.AppStore|Any CPU.ActiveCfg = Release|Any CPU
		{1015F651-8CFA-4A04-BBBC-7860907E653D}.AppStore|Any CPU.Build.0 = Release|Any CPU
		{1015F651-8CFA-4A04-BBBC-7860907E653D}.AppStore|Any CPU.Deploy.0 = Release|Any CPU
		{1015F651-8CFA-4A04-BBBC-7860907E653D}.AppStore|ARM.ActiveCfg = Release|ARM
		{1015F651-8CFA-4A04-BBBC-7860907E653D}.AppStore|ARM.Build.0 = Release|ARM
		{1015F651-8CFA-4A04-BBBC-7860907E653D}.AppStore|ARM.Deploy.0 = Release|ARM
		{1015F651-8CFA-4A04-BBBC-7860907E653D}.AppStore|iPhone.ActiveCfg = Release|Any CPU
		{1015F651-8CFA-4A04-BBBC-7860907E653D}.AppStore|iPhone.Build.0 = Release|Any CPU
		{1015F651-8CFA-4A04-BBBC-7860907E653D}.AppStore|iPhone.Deploy.0 = Release|Any CPU
		{1015F651-8CFA-4A04-BBBC-7860907E653D}.AppStore|iPhoneSimulator.ActiveCfg = Release|Any CPU
		{1015F651-8CFA-4A04-BBBC-7860907E653D}.AppStore|iPhoneSimulator.Build.0 = Release|Any CPU
		{1015F651-8CFA-4A04-BBBC-7860907E653D}.AppStore|iPhoneSimulator.Deploy.0 = Release|Any CPU
		{1015F651-8CFA-4A04-BBBC-7860907E653D}.AppStore|x64.ActiveCfg = Release|x64
		{1015F651-8CFA-4A04-BBBC-7860907E653D}.AppStore|x64.Build.0 = Release|x64
		{1015F651-8CFA-4A04-BBBC-7860907E653D}.AppStore|x64.Deploy.0 = Release|x64
		{1015F651-8CFA-4A04-BBBC-7860907E653D}.AppStore|x86.ActiveCfg = Release|x86
		{1015F651-8CFA-4A04-BBBC-7860907E653D}.AppStore|x86.Build.0 = Release|x86
		{1015F651-8CFA-4A04-BBBC-7860907E653D}.AppStore|x86.Deploy.0 = Release|x86
		{1015F651-8CFA-4A04-BBBC-7860907E653D}.Debug|Any CPU.ActiveCfg = Debug|Any CPU
		{1015F651-8CFA-4A04-BBBC-7860907E653D}.Debug|Any CPU.Build.0 = Debug|Any CPU
		{1015F651-8CFA-4A04-BBBC-7860907E653D}.Debug|Any CPU.Deploy.0 = Debug|Any CPU
		{1015F651-8CFA-4A04-BBBC-7860907E653D}.Debug|ARM.ActiveCfg = Debug|ARM
		{1015F651-8CFA-4A04-BBBC-7860907E653D}.Debug|ARM.Build.0 = Debug|ARM
		{1015F651-8CFA-4A04-BBBC-7860907E653D}.Debug|ARM.Deploy.0 = Debug|ARM
		{1015F651-8CFA-4A04-BBBC-7860907E653D}.Debug|iPhone.ActiveCfg = Debug|Any CPU
		{1015F651-8CFA-4A04-BBBC-7860907E653D}.Debug|iPhone.Build.0 = Debug|Any CPU
		{1015F651-8CFA-4A04-BBBC-7860907E653D}.Debug|iPhone.Deploy.0 = Debug|Any CPU
		{1015F651-8CFA-4A04-BBBC-7860907E653D}.Debug|iPhoneSimulator.ActiveCfg = Debug|Any CPU
		{1015F651-8CFA-4A04-BBBC-7860907E653D}.Debug|iPhoneSimulator.Build.0 = Debug|Any CPU
		{1015F651-8CFA-4A04-BBBC-7860907E653D}.Debug|iPhoneSimulator.Deploy.0 = Debug|Any CPU
		{1015F651-8CFA-4A04-BBBC-7860907E653D}.Debug|x64.ActiveCfg = Debug|x64
		{1015F651-8CFA-4A04-BBBC-7860907E653D}.Debug|x64.Build.0 = Debug|x64
		{1015F651-8CFA-4A04-BBBC-7860907E653D}.Debug|x64.Deploy.0 = Debug|x64
		{1015F651-8CFA-4A04-BBBC-7860907E653D}.Debug|x86.ActiveCfg = Debug|x86
		{1015F651-8CFA-4A04-BBBC-7860907E653D}.Debug|x86.Build.0 = Debug|x86
		{1015F651-8CFA-4A04-BBBC-7860907E653D}.Debug|x86.Deploy.0 = Debug|x86
		{1015F651-8CFA-4A04-BBBC-7860907E653D}.Release|Any CPU.ActiveCfg = Release|Any CPU
		{1015F651-8CFA-4A04-BBBC-7860907E653D}.Release|Any CPU.Build.0 = Release|Any CPU
		{1015F651-8CFA-4A04-BBBC-7860907E653D}.Release|Any CPU.Deploy.0 = Release|Any CPU
		{1015F651-8CFA-4A04-BBBC-7860907E653D}.Release|ARM.ActiveCfg = Release|ARM
		{1015F651-8CFA-4A04-BBBC-7860907E653D}.Release|ARM.Build.0 = Release|ARM
		{1015F651-8CFA-4A04-BBBC-7860907E653D}.Release|ARM.Deploy.0 = Release|ARM
		{1015F651-8CFA-4A04-BBBC-7860907E653D}.Release|iPhone.ActiveCfg = Release|Any CPU
		{1015F651-8CFA-4A04-BBBC-7860907E653D}.Release|iPhone.Build.0 = Release|Any CPU
		{1015F651-8CFA-4A04-BBBC-7860907E653D}.Release|iPhone.Deploy.0 = Release|Any CPU
		{1015F651-8CFA-4A04-BBBC-7860907E653D}.Release|iPhoneSimulator.ActiveCfg = Release|Any CPU
		{1015F651-8CFA-4A04-BBBC-7860907E653D}.Release|iPhoneSimulator.Build.0 = Release|Any CPU
		{1015F651-8CFA-4A04-BBBC-7860907E653D}.Release|iPhoneSimulator.Deploy.0 = Release|Any CPU
		{1015F651-8CFA-4A04-BBBC-7860907E653D}.Release|x64.ActiveCfg = Release|x64
		{1015F651-8CFA-4A04-BBBC-7860907E653D}.Release|x64.Build.0 = Release|x64
		{1015F651-8CFA-4A04-BBBC-7860907E653D}.Release|x64.Deploy.0 = Release|x64
		{1015F651-8CFA-4A04-BBBC-7860907E653D}.Release|x86.ActiveCfg = Release|x86
		{1015F651-8CFA-4A04-BBBC-7860907E653D}.Release|x86.Build.0 = Release|x86
		{1015F651-8CFA-4A04-BBBC-7860907E653D}.Release|x86.Deploy.0 = Release|x86
	EndGlobalSection
	GlobalSection(SolutionProperties) = preSolution
		HideSolutionNode = FALSE
	EndGlobalSection
EndGlobal
